
Microsoft Visual Studio Solution File, Format Version 12.00
Project("{FAE04EC0-301F-11D3-BF4B-00C04F79EFBC}") = "ConsoleUiLibrary", "ConsoleUiLibrary\ConsoleUiLibrary.csproj", "{8E1FBDFD-440B-4BF0-915B-6CE1D731F042}"
EndProject
Global
	GlobalSection(SolutionConfigurationPlatforms) = preSolution
		Debug|Any CPU = Debug|Any CPU
		Release|Any CPU = Release|Any CPU
	EndGlobalSection
	GlobalSection(ProjectConfigurationPlatforms) = postSolution
		{8E1FBDFD-440B-4BF0-915B-6CE1D731F042}.Debug|Any CPU.ActiveCfg = Debug|Any CPU
		{8E1FBDFD-440B-4BF0-915B-6CE1D731F042}.Debug|Any CPU.Build.0 = Debug|Any CPU
		{8E1FBDFD-440B-4BF0-915B-6CE1D731F042}.Release|Any CPU.ActiveCfg = Release|Any CPU
		{8E1FBDFD-440B-4BF0-915B-6CE1D731F042}.Release|Any CPU.Build.0 = Release|Any CPU
	EndGlobalSection
EndGlobal
